PODS:
  - ScreenUI/Beta (1.0.2):
    - ScreenUI/Release
  - ScreenUI/Release (1.0.2)

DEPENDENCIES:
  - ScreenUI/Beta (from `../`)

EXTERNAL SOURCES:
  ScreenUI:
    :path: "../"

SPEC CHECKSUMS:
  ScreenUI: 8b6ce6db989b793f749e3a127bddddfba359cd0d

PODFILE CHECKSUM: a97962a4a1f6cb611beb01d0bdea960bd6501db2

COCOAPODS: 1.10.1
